
Microsoft Visual Studio Solution File, Format Version 12.00
# Visual Studio 15
VisualStudioVersion = 15.0.26124.0
MinimumVisualStudioVersion = 10.0.40219.1
Project("{FAE04EC0-301F-11D3-BF4B-00C04F79EFBC}") = "AVRDisassembler", "AVRDisassembler\AVRDisassembler.csproj", "{1021FEFF-ABA5-40DE-A692-98763C0FB257}"
EndProject
Project("{FAE04EC0-301F-11D3-BF4B-00C04F79EFBC}") = "AVRDisassembler.Tests", "AVRDisassembler.Tests\AVRDisassembler.Tests.csproj", "{489C1AF3-AD84-43A6-8E46-428B71523D7E}"
EndProject
Global
	GlobalSection(SolutionConfigurationPlatforms) = preSolution
		Debug|Any CPU = Debug|Any CPU
		Debug|x64 = Debug|x64
		Debug|x86 = Debug|x86
		Release|Any CPU = Release|Any CPU
		Release|x64 = Release|x64
		Release|x86 = Release|x86
	EndGlobalSection
	GlobalSection(ProjectConfigurationPlatforms) = postSolution
		{1021FEFF-ABA5-40DE-A692-98763C0FB257}.Debug|Any CPU.ActiveCfg = Debug|Any CPU
		{1021FEFF-ABA5-40DE-A692-98763C0FB257}.Debug|Any CPU.Build.0 = Debug|Any CPU
		{1021FEFF-ABA5-40DE-A692-98763C0FB257}.Debug|x64.ActiveCfg = Debug|x64
		{1021FEFF-ABA5-40DE-A692-98763C0FB257}.Debug|x64.Build.0 = Debug|x64
		{1021FEFF-ABA5-40DE-A692-98763C0FB257}.Debug|x86.ActiveCfg = Debug|x86
		{1021FEFF-ABA5-40DE-A692-98763C0FB257}.Debug|x86.Build.0 = Debug|x86
		{1021FEFF-ABA5-40DE-A692-98763C0FB257}.Release|Any CPU.ActiveCfg = Release|Any CPU
		{1021FEFF-ABA5-40DE-A692-98763C0FB257}.Release|Any CPU.Build.0 = Release|Any CPU
		{1021FEFF-ABA5-40DE-A692-98763C0FB257}.Release|x64.ActiveCfg = Release|x64
		{1021FEFF-ABA5-40DE-A692-98763C0FB257}.Release|x64.Build.0 = Release|x64
		{1021FEFF-ABA5-40DE-A692-98763C0FB257}.Release|x86.ActiveCfg = Release|x86
		{1021FEFF-ABA5-40DE-A692-98763C0FB257}.Release|x86.Build.0 = Release|x86
		{489C1AF3-AD84-43A6-8E46-428B71523D7E}.Debug|Any CPU.ActiveCfg = Debug|Any CPU
		{489C1AF3-AD84-43A6-8E46-428B71523D7E}.Debug|Any CPU.Build.0 = Debug|Any CPU
		{489C1AF3-AD84-43A6-8E46-428B71523D7E}.Debug|x64.ActiveCfg = Debug|x64
		{489C1AF3-AD84-43A6-8E46-428B71523D7E}.Debug|x64.Build.0 = Debug|x64
		{489C1AF3-AD84-43A6-8E46-428B71523D7E}.Debug|x86.ActiveCfg = Debug|x86
		{489C1AF3-AD84-43A6-8E46-428B71523D7E}.Debug|x86.Build.0 = Debug|x86
		{489C1AF3-AD84-43A6-8E46-428B71523D7E}.Release|Any CPU.ActiveCfg = Release|Any CPU
		{489C1AF3-AD84-43A6-8E46-428B71523D7E}.Release|Any CPU.Build.0 = Release|Any CPU
		{489C1AF3-AD84-43A6-8E46-428B71523D7E}.Release|x64.ActiveCfg = Release|x64
		{489C1AF3-AD84-43A6-8E46-428B71523D7E}.Release|x64.Build.0 = Release|x64
		{489C1AF3-AD84-43A6-8E46-428B71523D7E}.Release|x86.ActiveCfg = Release|x86
		{489C1AF3-AD84-43A6-8E46-428B71523D7E}.Release|x86.Build.0 = Release|x86
	EndGlobalSection
	GlobalSection(SolutionProperties) = preSolution
		HideSolutionNode = FALSE
	EndGlobalSection
EndGlobal
